// !$*UTF8*$!
{
	archiveVersion = 1;
	classes = {
	};
	objectVersion = 46;
	objects = {

/* Begin PBXBuildFile section */
		05092EEE2600CAA600C0BBEB /* iTunesLibrary.framework in Frameworks */ = {isa = PBXBuildFile; fileRef = 05092EEA2600C9FD00C0BBEB /* iTunesLibrary.framework */; };
		05092F6B2600ECC000C0BBEB /* ApplicationDelegate.swift in Sources */ = {isa = PBXBuildFile; fileRef = 05092F6A2600ECC000C0BBEB /* ApplicationDelegate.swift */; };
		05092F702600ED1300C0BBEB /* Track.swift in Sources */ = {isa = PBXBuildFile; fileRef = 05092F6F2600ED1300C0BBEB /* Track.swift */; };
		05092F742600EDEE00C0BBEB /* MainWindowController.swift in Sources */ = {isa = PBXBuildFile; fileRef = 05092F732600EDEE00C0BBEB /* MainWindowController.swift */; };
		051472EF1B9F59C100C0A072 /* MainMenu.xib in Resources */ = {isa = PBXBuildFile; fileRef = 051472EC1B9F59C100C0A072 /* MainMenu.xib */; };
		051472F51B9F5A6E00C0A072 /* MainWindowController.xib in Resources */ = {isa = PBXBuildFile; fileRef = 051472F31B9F5A6E00C0A072 /* MainWindowController.xib */; };
/* End PBXBuildFile section */

/* Begin PBXFileReference section */
		05092EEA2600C9FD00C0BBEB /* iTunesLibrary.framework */ = {isa = PBXFileReference; lastKnownFileType = wrapper.framework; name = iTunesLibrary.framework; path = System/Library/Frameworks/iTunesLibrary.framework; sourceTree = SDKROOT; };
		05092F2F2600EBAB00C0BBEB /* Release - ccache.xcconfig */ = {isa = PBXFileReference; lastKnownFileType = text.xcconfig; path = "Release - ccache.xcconfig"; sourceTree = "<group>"; };
		05092F302600EBAB00C0BBEB /* Common.xcconfig */ = {isa = PBXFileReference; lastKnownFileType = text.xcconfig; path = Common.xcconfig; sourceTree = "<group>"; };
		05092F312600EBAB00C0BBEB /* Debug - ccache.xcconfig */ = {isa = PBXFileReference; lastKnownFileType = text.xcconfig; path = "Debug - ccache.xcconfig"; sourceTree = "<group>"; };
		05092F322600EBAB00C0BBEB /* Debug.xcconfig */ = {isa = PBXFileReference; lastKnownFileType = text.xcconfig; path = Debug.xcconfig; sourceTree = "<group>"; };
		05092F332600EBAB00C0BBEB /* Release.xcconfig */ = {isa = PBXFileReference; lastKnownFileType = text.xcconfig; path = Release.xcconfig; sourceTree = "<group>"; };
		05092F342600EBAB00C0BBEB /* README.md */ = {isa = PBXFileReference; lastKnownFileType = net.daringfireball.markdown; path = README.md; sourceTree = "<group>"; };
		05092F352600EBAB00C0BBEB /* Release - Library.xcconfig */ = {isa = PBXFileReference; lastKnownFileType = text.xcconfig; path = "Release - Library.xcconfig"; sourceTree = "<group>"; };
		05092F372600EBAB00C0BBEB /* Signing.xcconfig */ = {isa = PBXFileReference; lastKnownFileType = text.xcconfig; path = Signing.xcconfig; sourceTree = "<group>"; };
		05092F382600EBAB00C0BBEB /* Architectures.xcconfig */ = {isa = PBXFileReference; lastKnownFileType = text.xcconfig; path = Architectures.xcconfig; sourceTree = "<group>"; };
		05092F3A2600EBAB00C0BBEB /* Issues.xcconfig */ = {isa = PBXFileReference; lastKnownFileType = text.xcconfig; path = Issues.xcconfig; sourceTree = "<group>"; };
		05092F3C2600EBAB00C0BBEB /* Apple-APIs.xcconfig */ = {isa = PBXFileReference; lastKnownFileType = text.xcconfig; path = "Apple-APIs.xcconfig"; sourceTree = "<group>"; };
		05092F3D2600EBAB00C0BBEB /* Generic-Issues.xcconfig */ = {isa = PBXFileReference; lastKnownFileType = text.xcconfig; path = "Generic-Issues.xcconfig"; sourceTree = "<group>"; };
		05092F3E2600EBAB00C0BBEB /* Security.xcconfig */ = {isa = PBXFileReference; lastKnownFileType = text.xcconfig; path = Security.xcconfig; sourceTree = "<group>"; };
		05092F3F2600EBAB00C0BBEB /* Objective-C.xcconfig */ = {isa = PBXFileReference; lastKnownFileType = text.xcconfig; path = "Objective-C.xcconfig"; sourceTree = "<group>"; };
		05092F402600EBAB00C0BBEB /* Analysis-Policy.xcconfig */ = {isa = PBXFileReference; lastKnownFileType = text.xcconfig; path = "Analysis-Policy.xcconfig"; sourceTree = "<group>"; };
		05092F412600EBAB00C0BBEB /* Deployment.xcconfig */ = {isa = PBXFileReference; lastKnownFileType = text.xcconfig; path = Deployment.xcconfig; sourceTree = "<group>"; };
		05092F422600EBAB00C0BBEB /* Build-Options.xcconfig */ = {isa = PBXFileReference; lastKnownFileType = text.xcconfig; path = "Build-Options.xcconfig"; sourceTree = "<group>"; };
		05092F432600EBAB00C0BBEB /* Swift-Compiler.xcconfig */ = {isa = PBXFileReference; lastKnownFileType = text.xcconfig; path = "Swift-Compiler.xcconfig"; sourceTree = "<group>"; };
		05092F442600EBAB00C0BBEB /* Static-Analyzer.xcconfig */ = {isa = PBXFileReference; lastKnownFileType = text.xcconfig; path = "Static-Analyzer.xcconfig"; sourceTree = "<group>"; };
		05092F462600EBAB00C0BBEB /* Warnings-Policies.xcconfig */ = {isa = PBXFileReference; lastKnownFileType = text.xcconfig; path = "Warnings-Policies.xcconfig"; sourceTree = "<group>"; };
		05092F472600EBAB00C0BBEB /* Code-Generation.xcconfig */ = {isa = PBXFileReference; lastKnownFileType = text.xcconfig; path = "Code-Generation.xcconfig"; sourceTree = "<group>"; };
		05092F482600EBAB00C0BBEB /* Language.xcconfig */ = {isa = PBXFileReference; lastKnownFileType = text.xcconfig; path = Language.xcconfig; sourceTree = "<group>"; };
		05092F492600EBAB00C0BBEB /* General.xcconfig */ = {isa = PBXFileReference; lastKnownFileType = text.xcconfig; path = General.xcconfig; sourceTree = "<group>"; };
		05092F4A2600EBAB00C0BBEB /* Search-Paths.xcconfig */ = {isa = PBXFileReference; lastKnownFileType = text.xcconfig; path = "Search-Paths.xcconfig"; sourceTree = "<group>"; };
		05092F4B2600EBAB00C0BBEB /* Apple-LLVM.xcconfig */ = {isa = PBXFileReference; lastKnownFileType = text.xcconfig; path = "Apple-LLVM.xcconfig"; sourceTree = "<group>"; };
		05092F4E2600EBAB00C0BBEB /* Modules.xcconfig */ = {isa = PBXFileReference; lastKnownFileType = text.xcconfig; path = Modules.xcconfig; sourceTree = "<group>"; };
		05092F4F2600EBAB00C0BBEB /* Objective-C.xcconfig */ = {isa = PBXFileReference; lastKnownFileType = text.xcconfig; path = "Objective-C.xcconfig"; sourceTree = "<group>"; };
		05092F502600EBAB00C0BBEB /* C++.xcconfig */ = {isa = PBXFileReference; lastKnownFileType = text.xcconfig; path = "C++.xcconfig"; sourceTree = "<group>"; };
		05092F512600EBAB00C0BBEB /* Code-Generation.xcconfig */ = {isa = PBXFileReference; lastKnownFileType = text.xcconfig; path = "Code-Generation.xcconfig"; sourceTree = "<group>"; };
		05092F522600EBAB00C0BBEB /* Address-Sanitizer.xcconfig */ = {isa = PBXFileReference; lastKnownFileType = text.xcconfig; path = "Address-Sanitizer.xcconfig"; sourceTree = "<group>"; };
		05092F532600EBAB00C0BBEB /* Language.xcconfig */ = {isa = PBXFileReference; lastKnownFileType = text.xcconfig; path = Language.xcconfig; sourceTree = "<group>"; };
		05092F542600EBAB00C0BBEB /* Warnings.xcconfig */ = {isa = PBXFileReference; lastKnownFileType = text.xcconfig; path = Warnings.xcconfig; sourceTree = "<group>"; };
		05092F552600EBAB00C0BBEB /* Undefined-Behavior-Sanitizer.xcconfig */ = {isa = PBXFileReference; lastKnownFileType = text.xcconfig; path = "Undefined-Behavior-Sanitizer.xcconfig"; sourceTree = "<group>"; };
		05092F562600EBAB00C0BBEB /* Warning-Policies.xcconfig */ = {isa = PBXFileReference; lastKnownFileType = text.xcconfig; path = "Warning-Policies.xcconfig"; sourceTree = "<group>"; };
		05092F582600EBAB00C0BBEB /* Objective-C-ARC.xcconfig */ = {isa = PBXFileReference; lastKnownFileType = text.xcconfig; path = "Objective-C-ARC.xcconfig"; sourceTree = "<group>"; };
		05092F592600EBAB00C0BBEB /* Objective-C.xcconfig */ = {isa = PBXFileReference; lastKnownFileType = text.xcconfig; path = "Objective-C.xcconfig"; sourceTree = "<group>"; };
		05092F5A2600EBAB00C0BBEB /* C++.xcconfig */ = {isa = PBXFileReference; lastKnownFileType = text.xcconfig; path = "C++.xcconfig"; sourceTree = "<group>"; };
		05092F5B2600EBAB00C0BBEB /* All-Languages.xcconfig */ = {isa = PBXFileReference; lastKnownFileType = text.xcconfig; path = "All-Languages.xcconfig"; sourceTree = "<group>"; };
		05092F5C2600EBAB00C0BBEB /* Preprocessing.xcconfig */ = {isa = PBXFileReference; lastKnownFileType = text.xcconfig; path = Preprocessing.xcconfig; sourceTree = "<group>"; };
		05092F5D2600EBAB00C0BBEB /* Debug - Library.xcconfig */ = {isa = PBXFileReference; lastKnownFileType = text.xcconfig; path = "Debug - Library.xcconfig"; sourceTree = "<group>"; };
		05092F5E2600EBAB00C0BBEB /* .gitignore */ = {isa = PBXFileReference; lastKnownFileType = text; path = .gitignore; sourceTree = "<group>"; };
		05092F602600EBAB00C0BBEB /* ccache-config.sh */ = {isa = PBXFileReference; lastKnownFileType = text.script.sh; path = "ccache-config.sh"; sourceTree = "<group>"; };
		05092F612600EBAB00C0BBEB /* ccache.sh */ = {isa = PBXFileReference; lastKnownFileType = text.script.sh; path = ccache.sh; sourceTree = "<group>"; };
		05092F622600EBAB00C0BBEB /* Debug - zld.xcconfig */ = {isa = PBXFileReference; lastKnownFileType = text.xcconfig; path = "Debug - zld.xcconfig"; sourceTree = "<group>"; };
		05092F6A2600ECC000C0BBEB /* ApplicationDelegate.swift */ = {isa = PBXFileReference; lastKnownFileType = sourcecode.swift; path = ApplicationDelegate.swift; sourceTree = "<group>"; };
		05092F6F2600ED1300C0BBEB /* Track.swift */ = {isa = PBXFileReference; lastKnownFileType = sourcecode.swift; path = Track.swift; sourceTree = "<group>"; };
		05092F732600EDEE00C0BBEB /* MainWindowController.swift */ = {isa = PBXFileReference; lastKnownFileType = sourcecode.swift; path = MainWindowController.swift; sourceTree = "<group>"; };
		051472D41B9F587100C0A072 /* MediaLibrary.app */ = {isa = PBXFileReference; explicitFileType = wrapper.application; includeInIndex = 0; path = MediaLibrary.app; sourceTree = BUILT_PRODUCTS_DIR; };
		051472E21B9F587100C0A072 /* Info.plist */ = {isa = PBXFileReference; lastKnownFileType = text.plist.xml; path = Info.plist; sourceTree = "<group>"; };
		051472ED1B9F59C100C0A072 /* Base */ = {isa = PBXFileReference; lastKnownFileType = file.xib; name = Base; path = Base.lproj/MainMenu.xib; sourceTree = "<group>"; };
		051472F41B9F5A6E00C0A072 /* Base */ = {isa = PBXFileReference; lastKnownFileType = file.xib; name = Base; path = Base.lproj/MainWindowController.xib; sourceTree = "<group>"; };
		051473181B9F9C3700C0A072 /* README.md */ = {isa = PBXFileReference; fileEncoding = 4; lastKnownFileType = net.daringfireball.markdown; path = README.md; sourceTree = "<group>"; };
/* End PBXFileReference section */

/* Begin PBXFrameworksBuildPhase section */
		051472D11B9F587100C0A072 /* Frameworks */ = {
			isa = PBXFrameworksBuildPhase;
			buildActionMask = 2147483647;
			files = (
				05092EEE2600CAA600C0BBEB /* iTunesLibrary.framework in Frameworks */,
			);
			runOnlyForDeploymentPostprocessing = 0;
		};
/* End PBXFrameworksBuildPhase section */

/* Begin PBXGroup section */
		05092EE92600C9FD00C0BBEB /* Frameworks */ = {
			isa = PBXGroup;
			children = (
				05092EEA2600C9FD00C0BBEB /* iTunesLibrary.framework */,
			);
			name = Frameworks;
			sourceTree = "<group>";
		};
		05092F2E2600EBAB00C0BBEB /* xcconfig */ = {
			isa = PBXGroup;
			children = (
				05092F2F2600EBAB00C0BBEB /* Release - ccache.xcconfig */,
				05092F302600EBAB00C0BBEB /* Common.xcconfig */,
				05092F312600EBAB00C0BBEB /* Debug - ccache.xcconfig */,
				05092F322600EBAB00C0BBEB /* Debug.xcconfig */,
				05092F332600EBAB00C0BBEB /* Release.xcconfig */,
				05092F342600EBAB00C0BBEB /* README.md */,
				05092F352600EBAB00C0BBEB /* Release - Library.xcconfig */,
				05092F362600EBAB00C0BBEB /* Common */,
				05092F5D2600EBAB00C0BBEB /* Debug - Library.xcconfig */,
				05092F5E2600EBAB00C0BBEB /* .gitignore */,
				05092F5F2600EBAB00C0BBEB /* Scripts */,
				05092F622600EBAB00C0BBEB /* Debug - zld.xcconfig */,
			);
			name = xcconfig;
			path = Submodules/xcconfig;
			sourceTree = "<group>";
		};
		05092F362600EBAB00C0BBEB /* Common */ = {
			isa = PBXGroup;
			children = (
				05092F372600EBAB00C0BBEB /* Signing.xcconfig */,
				05092F382600EBAB00C0BBEB /* Architectures.xcconfig */,
				05092F392600EBAB00C0BBEB /* Static-Analyzer */,
				05092F412600EBAB00C0BBEB /* Deployment.xcconfig */,
				05092F422600EBAB00C0BBEB /* Build-Options.xcconfig */,
				05092F432600EBAB00C0BBEB /* Swift-Compiler.xcconfig */,
				05092F442600EBAB00C0BBEB /* Static-Analyzer.xcconfig */,
				05092F452600EBAB00C0BBEB /* Swift-Compiler */,
				05092F4A2600EBAB00C0BBEB /* Search-Paths.xcconfig */,
				05092F4B2600EBAB00C0BBEB /* Apple-LLVM.xcconfig */,
				05092F4C2600EBAB00C0BBEB /* Apple-LLVM */,
			);
			path = Common;
			sourceTree = "<group>";
		};
		05092F392600EBAB00C0BBEB /* Static-Analyzer */ = {
			isa = PBXGroup;
			children = (
				05092F3A2600EBAB00C0BBEB /* Issues.xcconfig */,
				05092F3B2600EBAB00C0BBEB /* Issues */,
			);
			path = "Static-Analyzer";
			sourceTree = "<group>";
		};
		05092F3B2600EBAB00C0BBEB /* Issues */ = {
			isa = PBXGroup;
			children = (
				05092F3C2600EBAB00C0BBEB /* Apple-APIs.xcconfig */,
				05092F3D2600EBAB00C0BBEB /* Generic-Issues.xcconfig */,
				05092F3E2600EBAB00C0BBEB /* Security.xcconfig */,
				05092F3F2600EBAB00C0BBEB /* Objective-C.xcconfig */,
				05092F402600EBAB00C0BBEB /* Analysis-Policy.xcconfig */,
			);
			path = Issues;
			sourceTree = "<group>";
		};
		05092F452600EBAB00C0BBEB /* Swift-Compiler */ = {
			isa = PBXGroup;
			children = (
				05092F462600EBAB00C0BBEB /* Warnings-Policies.xcconfig */,
				05092F472600EBAB00C0BBEB /* Code-Generation.xcconfig */,
				05092F482600EBAB00C0BBEB /* Language.xcconfig */,
				05092F492600EBAB00C0BBEB /* General.xcconfig */,
			);
			path = "Swift-Compiler";
			sourceTree = "<group>";
		};
		05092F4C2600EBAB00C0BBEB /* Apple-LLVM */ = {
			isa = PBXGroup;
			children = (
				05092F4D2600EBAB00C0BBEB /* Language */,
				05092F512600EBAB00C0BBEB /* Code-Generation.xcconfig */,
				05092F522600EBAB00C0BBEB /* Address-Sanitizer.xcconfig */,
				05092F532600EBAB00C0BBEB /* Language.xcconfig */,
				05092F542600EBAB00C0BBEB /* Warnings.xcconfig */,
				05092F552600EBAB00C0BBEB /* Undefined-Behavior-Sanitizer.xcconfig */,
				05092F562600EBAB00C0BBEB /* Warning-Policies.xcconfig */,
				05092F572600EBAB00C0BBEB /* Warnings */,
				05092F5C2600EBAB00C0BBEB /* Preprocessing.xcconfig */,
			);
			path = "Apple-LLVM";
			sourceTree = "<group>";
		};
		05092F4D2600EBAB00C0BBEB /* Language */ = {
			isa = PBXGroup;
			children = (
				05092F4E2600EBAB00C0BBEB /* Modules.xcconfig */,
				05092F4F2600EBAB00C0BBEB /* Objective-C.xcconfig */,
				05092F502600EBAB00C0BBEB /* C++.xcconfig */,
			);
			path = Language;
			sourceTree = "<group>";
		};
		05092F572600EBAB00C0BBEB /* Warnings */ = {
			isa = PBXGroup;
			children = (
				05092F582600EBAB00C0BBEB /* Objective-C-ARC.xcconfig */,
				05092F592600EBAB00C0BBEB /* Objective-C.xcconfig */,
				05092F5A2600EBAB00C0BBEB /* C++.xcconfig */,
				05092F5B2600EBAB00C0BBEB /* All-Languages.xcconfig */,
			);
			path = Warnings;
			sourceTree = "<group>";
		};
		05092F5F2600EBAB00C0BBEB /* Scripts */ = {
			isa = PBXGroup;
			children = (
				05092F602600EBAB00C0BBEB /* ccache-config.sh */,
				05092F612600EBAB00C0BBEB /* ccache.sh */,
			);
			path = Scripts;
			sourceTree = "<group>";
		};
		051472CB1B9F587100C0A072 = {
			isa = PBXGroup;
			children = (
				051473181B9F9C3700C0A072 /* README.md */,
				05092F2E2600EBAB00C0BBEB /* xcconfig */,
				051472D61B9F587100C0A072 /* MediaLibrary */,
				051472D51B9F587100C0A072 /* Products */,
				05092EE92600C9FD00C0BBEB /* Frameworks */,
			);
			sourceTree = "<group>";
		};
		051472D51B9F587100C0A072 /* Products */ = {
			isa = PBXGroup;
			children = (
				051472D41B9F587100C0A072 /* MediaLibrary.app */,
			);
			name = Products;
			sourceTree = "<group>";
		};
		051472D61B9F587100C0A072 /* MediaLibrary */ = {
			isa = PBXGroup;
			children = (
				051472E81B9F59C100C0A072 /* Classes */,
				051472EB1B9F59C100C0A072 /* UI */,
				051472DA1B9F587100C0A072 /* Supporting Files */,
			);
			path = MediaLibrary;
			sourceTree = "<group>";
		};
		051472DA1B9F587100C0A072 /* Supporting Files */ = {
			isa = PBXGroup;
			children = (
				051472E21B9F587100C0A072 /* Info.plist */,
			);
			name = "Supporting Files";
			sourceTree = "<group>";
		};
		051472E81B9F59C100C0A072 /* Classes */ = {
			isa = PBXGroup;
			children = (
				05092F6A2600ECC000C0BBEB /* ApplicationDelegate.swift */,
				05092F6F2600ED1300C0BBEB /* Track.swift */,
				05092F732600EDEE00C0BBEB /* MainWindowController.swift */,
			);
			path = Classes;
			sourceTree = "<group>";
		};
		051472EB1B9F59C100C0A072 /* UI */ = {
			isa = PBXGroup;
			children = (
				051472EC1B9F59C100C0A072 /* MainMenu.xib */,
				051472F31B9F5A6E00C0A072 /* MainWindowController.xib */,
			);
			path = UI;
			sourceTree = "<group>";
		};
/* End PBXGroup section */

/* Begin PBXNativeTarget section */
		051472D31B9F587100C0A072 /* MediaLibrary */ = {
			isa = PBXNativeTarget;
			buildConfigurationList = 051472E51B9F587100C0A072 /* Build configuration list for PBXNativeTarget "MediaLibrary" */;
			buildPhases = (
				051472D01B9F587100C0A072 /* Sources */,
				051472D11B9F587100C0A072 /* Frameworks */,
				051472D21B9F587100C0A072 /* Resources */,
			);
			buildRules = (
			);
			dependencies = (
			);
			name = MediaLibrary;
			productName = MediaLibrary;
			productReference = 051472D41B9F587100C0A072 /* MediaLibrary.app */;
			productType = "com.apple.product-type.application";
		};
/* End PBXNativeTarget section */

/* Begin PBXProject section */
		051472CC1B9F587100C0A072 /* Project object */ = {
			isa = PBXProject;
			attributes = {
				LastUpgradeCheck = 1240;
				ORGANIZATIONNAME = "XS-Labs";
				TargetAttributes = {
					051472D31B9F587100C0A072 = {
						CreatedOnToolsVersion = 7.0;
						LastSwiftMigration = 1240;
						ProvisioningStyle = Automatic;
					};
				};
			};
			buildConfigurationList = 051472CF1B9F587100C0A072 /* Build configuration list for PBXProject "MediaLibrary" */;
			compatibilityVersion = "Xcode 3.2";
			developmentRegion = en;
			hasScannedForEncodings = 0;
			knownRegions = (
				en,
				Base,
			);
			mainGroup = 051472CB1B9F587100C0A072;
			productRefGroup = 051472D51B9F587100C0A072 /* Products */;
			projectDirPath = "";
			projectRoot = "";
			targets = (
				051472D31B9F587100C0A072 /* MediaLibrary */,
			);
		};
/* End PBXProject section */

/* Begin PBXResourcesBuildPhase section */
		051472D21B9F587100C0A072 /* Resources */ = {
			isa = PBXResourcesBuildPhase;
			buildActionMask = 2147483647;
			files = (
				051472EF1B9F59C100C0A072 /* MainMenu.xib in Resources */,
				051472F51B9F5A6E00C0A072 /* MainWindowController.xib in Resources */,
			);
			runOnlyForDeploymentPostprocessing = 0;
		};
/* End PBXResourcesBuildPhase section */

/* Begin PBXSourcesBuildPhase section */
		051472D01B9F587100C0A072 /* Sources */ = {
			isa = PBXSourcesBuildPhase;
			buildActionMask = 2147483647;
			files = (
				05092F6B2600ECC000C0BBEB /* ApplicationDelegate.swift in Sources */,
				05092F702600ED1300C0BBEB /* Track.swift in Sources */,
				05092F742600EDEE00C0BBEB /* MainWindowController.swift in Sources */,
			);
			runOnlyForDeploymentPostprocessing = 0;
		};
/* End PBXSourcesBuildPhase section */

/* Begin PBXVariantGroup section */
		051472EC1B9F59C100C0A072 /* MainMenu.xib */ = {
			isa = PBXVariantGroup;
			children = (
				051472ED1B9F59C100C0A072 /* Base */,
			);
			name = MainMenu.xib;
			sourceTree = "<group>";
		};
		051472F31B9F5A6E00C0A072 /* MainWindowController.xib */ = {
			isa = PBXVariantGroup;
			children = (
				051472F41B9F5A6E00C0A072 /* Base */,
			);
			name = MainWindowController.xib;
			sourceTree = "<group>";
		};
/* End PBXVariantGroup section */

/* Begin XCBuildConfiguration section */
		051472E31B9F587100C0A072 /* Debug */ = {
			isa = XCBuildConfiguration;
			baseConfigurationReference = 05092F322600EBAB00C0BBEB /* Debug.xcconfig */;
			buildSettings = {
				CODE_SIGN_IDENTITY = "-";
				CODE_SIGN_STYLE = Automatic;
				DEVELOPMENT_TEAM = "";
				ENABLE_HARDENED_RUNTIME = YES;
			};
			name = Debug;
		};
		051472E41B9F587100C0A072 /* Release */ = {
			isa = XCBuildConfiguration;
			baseConfigurationReference = 05092F332600EBAB00C0BBEB /* Release.xcconfig */;
			buildSettings = {
				CODE_SIGN_IDENTITY = "-";
				CODE_SIGN_STYLE = Automatic;
				DEVELOPMENT_TEAM = "";
				ENABLE_HARDENED_RUNTIME = YES;
			};
			name = Release;
		};
		051472E61B9F587100C0A072 /* Debug */ = {
			isa = XCBuildConfiguration;
			buildSettings = {
				CLANG_ENABLE_MODULES = YES;
				INFOPLIST_FILE = MediaLibrary/Info.plist;
				LD_RUNPATH_SEARCH_PATHS = "$(inherited) @executable_path/../Frameworks";
				PRODUCT_BUNDLE_IDENTIFIER = "com.xs-labs.MediaLibrary";
				PRODUCT_NAME = "$(TARGET_NAME)";
				SWIFT_OPTIMIZATION_LEVEL = "-Onone";
				SWIFT_VERSION = 5.0;
			};
			name = Debug;
		};
		051472E71B9F587100C0A072 /* Release */ = {
			isa = XCBuildConfiguration;
			buildSettings = {
				CLANG_ENABLE_MODULES = YES;
				INFOPLIST_FILE = MediaLibrary/Info.plist;
				LD_RUNPATH_SEARCH_PATHS = "$(inherited) @executable_path/../Frameworks";
				PRODUCT_BUNDLE_IDENTIFIER = "com.xs-labs.MediaLibrary";
				PRODUCT_NAME = "$(TARGET_NAME)";
				SWIFT_VERSION = 5.0;
			};
			name = Release;
		};
/* End XCBuildConfiguration section */

/* Begin XCConfigurationList section */
		051472CF1B9F587100C0A072 /* Build configuration list for PBXProject "MediaLibrary" */ = {
			isa = XCConfigurationList;
			buildConfigurations = (
				051472E31B9F587100C0A072 /* Debug */,
				051472E41B9F587100C0A072 /* Release */,
			);
			defaultConfigurationIsVisible = 0;
			defaultConfigurationName = Release;
		};
		051472E51B9F587100C0A072 /* Build configuration list for PBXNativeTarget "MediaLibrary" */ = {
			isa = XCConfigurationList;
			buildConfigurations = (
				051472E61B9F587100C0A072 /* Debug */,
				051472E71B9F587100C0A072 /* Release */,
			);
			defaultConfigurationIsVisible = 0;
			defaultConfigurationName = Release;
		};
/* End XCConfigurationList section */
	};
	rootObject = 051472CC1B9F587100C0A072 /* Project object */;
}
